{
  "name": "brain",
  "version": "1.0.0",
  "lockfileVersion": 1,
  "requires": true,
  "dependencies": {
    "acorn": {
      "version": "5.7.3",
      "resolved": "https://registry.npmjs.org/acorn/-/acorn-5.7.3.tgz",
      "integrity": "sha512-T/zvzYRfbVojPWahDsE5evJdHb3oJoQfFbsrKM7w5Zcs++Tr257tia3BmMP8XYVjp1S9RZXQMh7gao96BlqZOw=="
    },
    "brain.js": {
      "version": "1.6.1",
      "resolved": "https://registry.npmjs.org/brain.js/-/brain.js-1.6.1.tgz",
      "integrity": "sha512-c+qrOGoW9VvIohTf70MQCjNzrunXVWI09CT27BZ/lZb6nObGxkdP10c4g9Ztnd8WFJijGdh3veh1A1vk/daIUA==",
      "requires": {
        "gpu.js": "^1.10.4",
        "thaw.js": "^2.0.0"
      }
    },
    "gpu.js": {
      "version": "1.10.4",
      "resolved": "https://registry.npmjs.org/gpu.js/-/gpu.js-1.10.4.tgz",
      "integrity": "sha512-qh5O1LXwwkhGOpEicR9SnQB7xduUDY5rKGPWj9yOFLNI90bX+mReooGQjnL3iZ08btBOT0zQGu9wKA+gGy2BhQ==",
      "requires": {
        "acorn": "^5.1.1"
      }
    },
    "thaw.js": {
      "version": "2.0.0",
      "resolved": "https://registry.npmjs.org/thaw.js/-/thaw.js-2.0.0.tgz",
      "integrity": "sha1-RSvF1+4s4bb5IDewW1BsvWVikdA="
    }
  }
}
